<?xml version="1.0" encoding="utf-8"?>
<Project ToolsVersion="4.0" xmlns="http://schemas.microsoft.com/developer/msbuild/2003">
  <ItemGroup>
    <Filter Include="资源文件">
      <UniqueIdentifier>{67DA6AB6-F800-4c08-8B7A-83BB121AAD01}</UniqueIdentifier>
      <Extensions>rc;ico;cur;bmp;dlg;rc2;rct;bin;rgs;gif;jpg;jpeg;jpe;resx;tiff;tif;png;wav;mfcribbon-ms</Extensions>
    </Filter>
    <Filter Include="Include">
      <UniqueIdentifier>{14f37053-4e9d-4c45-ae43-43c7745e4aed}</UniqueIdentifier>
    </Filter>
    <Filter Include="src">
      <UniqueIdentifier>{fc9f5d95-bc5c-4564-a570-291553ef08f3}</UniqueIdentifier>
    </Filter>
    <Filter Include="Include\math">
      <UniqueIdentifier>{22efc274-6adc-434c-8184-423ca43ca483}</UniqueIdentifier>
    </Filter>
    <Filter Include="src\math">
      <UniqueIdentifier>{b1a0bd8f-4ac7-48f6-9093-4b98b8480f04}</UniqueIdentifier>
    </Filter>
  </ItemGroup>
  <ItemGroup>
    <ClInclude Include="..\include\math\vector2d.h">
      <Filter>Include\math</Filter>
    </ClInclude>
    <ClInclude Include="..\include\math\mathUtil.h">
      <Filter>Include\math</Filter>
    </ClInclude>
    <ClInclude Include="..\include\math\vector2f.h">
      <Filter>Include\math</Filter>
    </ClInclude>
    <ClInclude Include="..\include\math\vector2i.h">
      <Filter>Include\math</Filter>
    </ClInclude>
    <ClInclude Include="..\include\math\vector3d.h">
      <Filter>Include\math</Filter>
    </ClInclude>
    <ClInclude Include="..\include\math\vector3f.h">
      <Filter>Include\math</Filter>
    </ClInclude>
    <ClInclude Include="..\include\math\vector3i.h">
      <Filter>Include\math</Filter>
    </ClInclude>
    <ClInclude Include="..\include\vector4d.h">
      <Filter>Include\math</Filter>
    </ClInclude>
    <ClInclude Include="..\include\math\vector4f.h">
      <Filter>Include\math</Filter>
    </ClInclude>
  </ItemGroup>
  <ItemGroup>
    <ClCompile Include="..\src\math\vector2d.cpp">
      <Filter>src\math</Filter>
    </ClCompile>
    <ClCompile Include="..\src\math\vector2f.cpp">
      <Filter>src\math</Filter>
    </ClCompile>
    <ClCompile Include="..\src\math\vector2i.cpp">
      <Filter>src\math</Filter>
    </ClCompile>
    <ClCompile Include="..\src\math\vector3d.cpp">
      <Filter>src\math</Filter>
    </ClCompile>
    <ClCompile Include="..\src\math\vector3f.cpp">
      <Filter>src\math</Filter>
    </ClCompile>
    <ClCompile Include="..\src\math\vector3i.cpp">
      <Filter>src\math</Filter>
    </ClCompile>
    <ClCompile Include="..\src\math\vector4d.cpp">
      <Filter>src\math</Filter>
    </ClCompile>
  </ItemGroup>
</Project>